# THIS IS AN AUTOGENERATED FILE. DO NOT EDIT THIS FILE DIRECTLY.
# yarn lockfile v1


bs-platform@^1.7.4:
  version "1.7.4"
  resolved "https://registry.yarnpkg.com/bs-platform/-/bs-platform-1.7.4.tgz#495f529ff509f01eb554cd499d4008283e737aed"

classnames@^2.2.3:
  version "2.2.5"
  resolved "https://registry.yarnpkg.com/classnames/-/classnames-2.2.5.tgz#fb3801d453467649ef3603c7d61a02bd129bde6d"

object-assign@^4.1.0:
  version "4.1.1"
  resolved "https://registry.yarnpkg.com/object-assign/-/object-assign-4.1.1.tgz#2109adc7965887cfc05cbbd442cac8bfbb360863"

reason-react@^0.1.3:
  version "0.1.3"
  resolved "https://registry.yarnpkg.com/reason-react/-/reason-react-0.1.3.tgz#680edae818ab01437de057c01fbcce6118f2fa93"

rebass@beta:
  version "0.4.0-beta.9"
  resolved "https://registry.yarnpkg.com/rebass/-/rebass-0.4.0-beta.9.tgz#b8927d7e7eae702671f2d6be9888f527dde922c0"
  dependencies:
    classnames "^2.2.3"
    understyle "^1.3.0"

understyle@^1.3.0:
  version "1.3.0"
  resolved "https://registry.yarnpkg.com/understyle/-/understyle-1.3.0.tgz#df3f9a9be96779d718c3da9598fad1c2f90f24ee"
  dependencies:
    object-assign "^4.1.0"
